// !$*UTF8*$!
{
	archiveVersion = 1;
	classes = {
	};
	objectVersion = 46;
	objects = {

/* Begin PBXBuildFile section */
		4507EDA418A74F9F00B8A513 /* QuartzCore.framework in Frameworks */ = {isa = PBXBuildFile; fileRef = 4507EDA318A74F9F00B8A513 /* QuartzCore.framework */; };
		452F1FEC18A76E420087A846 /* AVFoundation.framework in Frameworks */ = {isa = PBXBuildFile; fileRef = 452F1FEB18A76E420087A846 /* AVFoundation.framework */; };
		454220E0190384DD0009EA40 /* Images.xcassets in Resources */ = {isa = PBXBuildFile; fileRef = 454220D3190384DD0009EA40 /* Images.xcassets */; };
		456715AE1C6D2CBD0069C377 /* Launch Screen.storyboard in Resources */ = {isa = PBXBuildFile; fileRef = 456715AD1C6D2CBD0069C377 /* Launch Screen.storyboard */; };
		456715B41C6D4BBC0069C377 /* PlayerControlsView.xib in Resources */ = {isa = PBXBuildFile; fileRef = 456715B31C6D4BBC0069C377 /* PlayerControlsView.xib */; };
		456715B61C6D4FAF0069C377 /* PlayerControlsView.swift in Sources */ = {isa = PBXBuildFile; fileRef = 456715B51C6D4FAF0069C377 /* PlayerControlsView.swift */; };
		458005FE1CBEEA7900CCE374 /* RMShapedImageView.swift in Sources */ = {isa = PBXBuildFile; fileRef = 458005FD1CBEEA7900CCE374 /* RMShapedImageView.swift */; };
		4589FCA919D7800B009CBF9B /* RootViewController.swift in Sources */ = {isa = PBXBuildFile; fileRef = 4589FCA819D7800B009CBF9B /* RootViewController.swift */; };
		4589FCAB19D79168009CBF9B /* AppDelegate.swift in Sources */ = {isa = PBXBuildFile; fileRef = 4589FCAA19D79168009CBF9B /* AppDelegate.swift */; };
		45C89544198DBEEE0040008A /* Playlist.swift in Sources */ = {isa = PBXBuildFile; fileRef = 45C89543198DBEEE0040008A /* Playlist.swift */; };
		B3EAA4FF149BB71600E215C4 /* UIKit.framework in Frameworks */ = {isa = PBXBuildFile; fileRef = B3EAA4FE149BB71600E215C4 /* UIKit.framework */; };
		B3EAA501149BB71600E215C4 /* Foundation.framework in Frameworks */ = {isa = PBXBuildFile; fileRef = B3EAA500149BB71600E215C4 /* Foundation.framework */; };
		B3EAA503149BB71600E215C4 /* CoreGraphics.framework in Frameworks */ = {isa = PBXBuildFile; fileRef = B3EAA502149BB71600E215C4 /* CoreGraphics.framework */; };
		B3EAA509149BB71600E215C4 /* InfoPlist.strings in Resources */ = {isa = PBXBuildFile; fileRef = B3EAA507149BB71600E215C4 /* InfoPlist.strings */; };
		B3EAA512149BB71600E215C4 /* MainStoryboard_iPhone.storyboard in Resources */ = {isa = PBXBuildFile; fileRef = B3EAA510149BB71600E215C4 /* MainStoryboard_iPhone.storyboard */; };
		B3EAA52C149BB71600E215C4 /* UIKit.framework in Frameworks */ = {isa = PBXBuildFile; fileRef = B3EAA4FE149BB71600E215C4 /* UIKit.framework */; };
		B3EAA52D149BB71600E215C4 /* Foundation.framework in Frameworks */ = {isa = PBXBuildFile; fileRef = B3EAA500149BB71600E215C4 /* Foundation.framework */; };
		B3EAA535149BB71600E215C4 /* InfoPlist.strings in Resources */ = {isa = PBXBuildFile; fileRef = B3EAA533149BB71600E215C4 /* InfoPlist.strings */; };
		B3EAA538149BB71600E215C4 /* WBOR_FINALTests.m in Sources */ = {isa = PBXBuildFile; fileRef = B3EAA537149BB71600E215C4 /* WBOR_FINALTests.m */; };
		B3EAA542149BB72700E215C4 /* AudioToolbox.framework in Frameworks */ = {isa = PBXBuildFile; fileRef = B3EAA541149BB72700E215C4 /* AudioToolbox.framework */; };
		B3EAA550149BBD9F00E215C4 /* wbor.m3u in Resources */ = {isa = PBXBuildFile; fileRef = B3EAA54F149BBD9F00E215C4 /* wbor.m3u */; };
		B3EAA552149BC4FE00E215C4 /* CFNetwork.framework in Frameworks */ = {isa = PBXBuildFile; fileRef = B3EAA551149BC4FE00E215C4 /* CFNetwork.framework */; };
		B3EAA554149BC50F00E215C4 /* MediaPlayer.framework in Frameworks */ = {isa = PBXBuildFile; fileRef = B3EAA553149BC50F00E215C4 /* MediaPlayer.framework */; };
/* End PBXBuildFile section */

/* Begin PBXContainerItemProxy section */
		B3EAA52E149BB71600E215C4 /* PBXContainerItemProxy */ = {
			isa = PBXContainerItemProxy;
			containerPortal = B3EAA4F1149BB71500E215C4 /* Project object */;
			proxyType = 1;
			remoteGlobalIDString = B3EAA4F9149BB71600E215C4;
			remoteInfo = WBOR;
		};
/* End PBXContainerItemProxy section */

/* Begin PBXCopyFilesBuildPhase section */
		45AD82EB1C6FE169007C39CD /* Embed Frameworks */ = {
			isa = PBXCopyFilesBuildPhase;
			buildActionMask = 2147483647;
			dstPath = "";
			dstSubfolderSpec = 10;
			files = (
			);
			name = "Embed Frameworks";
			runOnlyForDeploymentPostprocessing = 0;
		};
/* End PBXCopyFilesBuildPhase section */

/* Begin PBXFileReference section */
		4507EDA318A74F9F00B8A513 /* QuartzCore.framework */ = {isa = PBXFileReference; lastKnownFileType = wrapper.framework; name = QuartzCore.framework; path = System/Library/Frameworks/QuartzCore.framework; sourceTree = SDKROOT; };
		452F1FEB18A76E420087A846 /* AVFoundation.framework */ = {isa = PBXFileReference; lastKnownFileType = wrapper.framework; name = AVFoundation.framework; path = System/Library/Frameworks/AVFoundation.framework; sourceTree = SDKROOT; };
		454220D3190384DD0009EA40 /* Images.xcassets */ = {isa = PBXFileReference; lastKnownFileType = folder.assetcatalog; path = Images.xcassets; sourceTree = "<group>"; };
		456715AD1C6D2CBD0069C377 /* Launch Screen.storyboard */ = {isa = PBXFileReference; fileEncoding = 4; lastKnownFileType = file.storyboard; path = "Launch Screen.storyboard"; sourceTree = "<group>"; };
		456715B31C6D4BBC0069C377 /* PlayerControlsView.xib */ = {isa = PBXFileReference; fileEncoding = 4; lastKnownFileType = file.xib; path = PlayerControlsView.xib; sourceTree = "<group>"; };
		456715B51C6D4FAF0069C377 /* PlayerControlsView.swift */ = {isa = PBXFileReference; fileEncoding = 4; lastKnownFileType = sourcecode.swift; path = PlayerControlsView.swift; sourceTree = "<group>"; };
		458005FD1CBEEA7900CCE374 /* RMShapedImageView.swift */ = {isa = PBXFileReference; fileEncoding = 4; lastKnownFileType = sourcecode.swift; path = RMShapedImageView.swift; sourceTree = "<group>"; };
		4589FCA819D7800B009CBF9B /* RootViewController.swift */ = {isa = PBXFileReference; fileEncoding = 4; lastKnownFileType = sourcecode.swift; path = RootViewController.swift; sourceTree = "<group>"; };
		4589FCAA19D79168009CBF9B /* AppDelegate.swift */ = {isa = PBXFileReference; fileEncoding = 4; lastKnownFileType = sourcecode.swift; path = AppDelegate.swift; sourceTree = "<group>"; };
		45C89543198DBEEE0040008A /* Playlist.swift */ = {isa = PBXFileReference; fileEncoding = 4; lastKnownFileType = sourcecode.swift; path = Playlist.swift; sourceTree = "<group>"; };
		B3EAA4FA149BB71600E215C4 /* WBOR.app */ = {isa = PBXFileReference; explicitFileType = wrapper.application; includeInIndex = 0; path = WBOR.app; sourceTree = BUILT_PRODUCTS_DIR; };
		B3EAA4FE149BB71600E215C4 /* UIKit.framework */ = {isa = PBXFileReference; lastKnownFileType = wrapper.framework; name = UIKit.framework; path = System/Library/Frameworks/UIKit.framework; sourceTree = SDKROOT; };
		B3EAA500149BB71600E215C4 /* Foundation.framework */ = {isa = PBXFileReference; lastKnownFileType = wrapper.framework; name = Foundation.framework; path = System/Library/Frameworks/Foundation.framework; sourceTree = SDKROOT; };
		B3EAA502149BB71600E215C4 /* CoreGraphics.framework */ = {isa = PBXFileReference; lastKnownFileType = wrapper.framework; name = CoreGraphics.framework; path = System/Library/Frameworks/CoreGraphics.framework; sourceTree = SDKROOT; };
		B3EAA506149BB71600E215C4 /* WBOR-Info.plist */ = {isa = PBXFileReference; lastKnownFileType = text.plist.xml; path = "WBOR-Info.plist"; sourceTree = "<group>"; };
		B3EAA508149BB71600E215C4 /* en */ = {isa = PBXFileReference; lastKnownFileType = text.plist.strings; name = en; path = en.lproj/InfoPlist.strings; sourceTree = "<group>"; };
		B3EAA50C149BB71600E215C4 /* WBOR-Prefix.pch */ = {isa = PBXFileReference; lastKnownFileType = sourcecode.c.h; path = "WBOR-Prefix.pch"; sourceTree = "<group>"; };
		B3EAA511149BB71600E215C4 /* en */ = {isa = PBXFileReference; lastKnownFileType = file.storyboard; name = en; path = en.lproj/MainStoryboard_iPhone.storyboard; sourceTree = "<group>"; };
		B3EAA529149BB71600E215C4 /* WBORTests.xctest */ = {isa = PBXFileReference; explicitFileType = wrapper.cfbundle; includeInIndex = 0; path = WBORTests.xctest; sourceTree = BUILT_PRODUCTS_DIR; };
		B3EAA532149BB71600E215C4 /* WBORTests-Info.plist */ = {isa = PBXFileReference; lastKnownFileType = text.plist.xml; path = "WBORTests-Info.plist"; sourceTree = "<group>"; };
		B3EAA534149BB71600E215C4 /* en */ = {isa = PBXFileReference; lastKnownFileType = text.plist.strings; name = en; path = en.lproj/InfoPlist.strings; sourceTree = "<group>"; };
		B3EAA536149BB71600E215C4 /* WBOR_FINALTests.h */ = {isa = PBXFileReference; lastKnownFileType = sourcecode.c.h; path = WBOR_FINALTests.h; sourceTree = "<group>"; };
		B3EAA537149BB71600E215C4 /* WBOR_FINALTests.m */ = {isa = PBXFileReference; lastKnownFileType = sourcecode.c.objc; path = WBOR_FINALTests.m; sourceTree = "<group>"; };
		B3EAA541149BB72700E215C4 /* AudioToolbox.framework */ = {isa = PBXFileReference; lastKnownFileType = wrapper.framework; name = AudioToolbox.framework; path = System/Library/Frameworks/AudioToolbox.framework; sourceTree = SDKROOT; };
		B3EAA54F149BBD9F00E215C4 /* wbor.m3u */ = {isa = PBXFileReference; fileEncoding = 4; lastKnownFileType = text; path = wbor.m3u; sourceTree = "<group>"; };
		B3EAA551149BC4FE00E215C4 /* CFNetwork.framework */ = {isa = PBXFileReference; lastKnownFileType = wrapper.framework; name = CFNetwork.framework; path = System/Library/Frameworks/CFNetwork.framework; sourceTree = SDKROOT; };
		B3EAA553149BC50F00E215C4 /* MediaPlayer.framework */ = {isa = PBXFileReference; lastKnownFileType = wrapper.framework; name = MediaPlayer.framework; path = System/Library/Frameworks/MediaPlayer.framework; sourceTree = SDKROOT; };
/* End PBXFileReference section */

/* Begin PBXFrameworksBuildPhase section */
		B3EAA4F7149BB71600E215C4 /* Frameworks */ = {
			isa = PBXFrameworksBuildPhase;
			buildActionMask = 2147483647;
			files = (
				452F1FEC18A76E420087A846 /* AVFoundation.framework in Frameworks */,
				4507EDA418A74F9F00B8A513 /* QuartzCore.framework in Frameworks */,
				B3EAA554149BC50F00E215C4 /* MediaPlayer.framework in Frameworks */,
				B3EAA552149BC4FE00E215C4 /* CFNetwork.framework in Frameworks */,
				B3EAA542149BB72700E215C4 /* AudioToolbox.framework in Frameworks */,
				B3EAA4FF149BB71600E215C4 /* UIKit.framework in Frameworks */,
				B3EAA501149BB71600E215C4 /* Foundation.framework in Frameworks */,
				B3EAA503149BB71600E215C4 /* CoreGraphics.framework in Frameworks */,
			);
			runOnlyForDeploymentPostprocessing = 0;
		};
		B3EAA525149BB71600E215C4 /* Frameworks */ = {
			isa = PBXFrameworksBuildPhase;
			buildActionMask = 2147483647;
			files = (
				B3EAA52C149BB71600E215C4 /* UIKit.framework in Frameworks */,
				B3EAA52D149BB71600E215C4 /* Foundation.framework in Frameworks */,
			);
			runOnlyForDeploymentPostprocessing = 0;
		};
/* End PBXFrameworksBuildPhase section */

/* Begin PBXGroup section */
		B3EAA4EF149BB71500E215C4 = {
			isa = PBXGroup;
			children = (
				B3EAA504149BB71600E215C4 /* WBOR */,
				B3EAA530149BB71600E215C4 /* WBORTests */,
				B3EAA4FD149BB71600E215C4 /* Frameworks */,
				B3EAA4FB149BB71600E215C4 /* Products */,
			);
			sourceTree = "<group>";
		};
		B3EAA4FB149BB71600E215C4 /* Products */ = {
			isa = PBXGroup;
			children = (
				B3EAA4FA149BB71600E215C4 /* WBOR.app */,
				B3EAA529149BB71600E215C4 /* WBORTests.xctest */,
			);
			name = Products;
			sourceTree = "<group>";
		};
		B3EAA4FD149BB71600E215C4 /* Frameworks */ = {
			isa = PBXGroup;
			children = (
				452F1FEB18A76E420087A846 /* AVFoundation.framework */,
				4507EDA318A74F9F00B8A513 /* QuartzCore.framework */,
				B3EAA553149BC50F00E215C4 /* MediaPlayer.framework */,
				B3EAA551149BC4FE00E215C4 /* CFNetwork.framework */,
				B3EAA541149BB72700E215C4 /* AudioToolbox.framework */,
				B3EAA4FE149BB71600E215C4 /* UIKit.framework */,
				B3EAA500149BB71600E215C4 /* Foundation.framework */,
				B3EAA502149BB71600E215C4 /* CoreGraphics.framework */,
			);
			name = Frameworks;
			sourceTree = "<group>";
		};
		B3EAA504149BB71600E215C4 /* WBOR */ = {
			isa = PBXGroup;
			children = (
				456715AD1C6D2CBD0069C377 /* Launch Screen.storyboard */,
				B3EAA510149BB71600E215C4 /* MainStoryboard_iPhone.storyboard */,
				456715B31C6D4BBC0069C377 /* PlayerControlsView.xib */,
				458005FD1CBEEA7900CCE374 /* RMShapedImageView.swift */,
				4589FCA819D7800B009CBF9B /* RootViewController.swift */,
				456715B51C6D4FAF0069C377 /* PlayerControlsView.swift */,
				45C89543198DBEEE0040008A /* Playlist.swift */,
				4589FCAA19D79168009CBF9B /* AppDelegate.swift */,
				B3EAA505149BB71600E215C4 /* Supporting Files */,
			);
			path = WBOR;
			sourceTree = "<group>";
		};
		B3EAA505149BB71600E215C4 /* Supporting Files */ = {
			isa = PBXGroup;
			children = (
				454220D3190384DD0009EA40 /* Images.xcassets */,
				B3EAA54F149BBD9F00E215C4 /* wbor.m3u */,
				B3EAA506149BB71600E215C4 /* WBOR-Info.plist */,
				B3EAA507149BB71600E215C4 /* InfoPlist.strings */,
				B3EAA50C149BB71600E215C4 /* WBOR-Prefix.pch */,
			);
			name = "Supporting Files";
			sourceTree = "<group>";
		};
		B3EAA530149BB71600E215C4 /* WBORTests */ = {
			isa = PBXGroup;
			children = (
				B3EAA536149BB71600E215C4 /* WBOR_FINALTests.h */,
				B3EAA537149BB71600E215C4 /* WBOR_FINALTests.m */,
				B3EAA531149BB71600E215C4 /* Supporting Files */,
			);
			name = WBORTests;
			path = "WBOR FINALTests";
			sourceTree = "<group>";
		};
		B3EAA531149BB71600E215C4 /* Supporting Files */ = {
			isa = PBXGroup;
			children = (
				B3EAA532149BB71600E215C4 /* WBORTests-Info.plist */,
				B3EAA533149BB71600E215C4 /* InfoPlist.strings */,
			);
			name = "Supporting Files";
			sourceTree = "<group>";
		};
/* End PBXGroup section */

/* Begin PBXNativeTarget section */
		B3EAA4F9149BB71600E215C4 /* WBOR */ = {
			isa = PBXNativeTarget;
			buildConfigurationList = B3EAA53B149BB71600E215C4 /* Build configuration list for PBXNativeTarget "WBOR" */;
			buildPhases = (
				B3EAA4F6149BB71600E215C4 /* Sources */,
				B3EAA4F7149BB71600E215C4 /* Frameworks */,
				B3EAA4F8149BB71600E215C4 /* Resources */,
				45AD82EB1C6FE169007C39CD /* Embed Frameworks */,
			);
			buildRules = (
			);
			dependencies = (
			);
			name = WBOR;
			productName = WBOR;
			productReference = B3EAA4FA149BB71600E215C4 /* WBOR.app */;
			productType = "com.apple.product-type.application";
		};
		B3EAA528149BB71600E215C4 /* WBORTests */ = {
			isa = PBXNativeTarget;
			buildConfigurationList = B3EAA53E149BB71600E215C4 /* Build configuration list for PBXNativeTarget "WBORTests" */;
			buildPhases = (
				B3EAA524149BB71600E215C4 /* Sources */,
				B3EAA525149BB71600E215C4 /* Frameworks */,
				B3EAA526149BB71600E215C4 /* Resources */,
				B3EAA527149BB71600E215C4 /* ShellScript */,
			);
			buildRules = (
			);
			dependencies = (
				B3EAA52F149BB71600E215C4 /* PBXTargetDependency */,
			);
			name = WBORTests;
			productName = "WBOR FINALTests";
			productReference = B3EAA529149BB71600E215C4 /* WBORTests.xctest */;
			productType = "com.apple.product-type.bundle.unit-test";
		};
/* End PBXNativeTarget section */

/* Begin PBXProject section */
		B3EAA4F1149BB71500E215C4 /* Project object */ = {
			isa = PBXProject;
			attributes = {
				LastSwiftMigration = 0720;
				LastSwiftUpdateCheck = 0700;
				LastTestingUpgradeCheck = 0510;
				LastUpgradeCheck = 0730;
				TargetAttributes = {
					B3EAA4F9149BB71600E215C4 = {
						DevelopmentTeam = FG7AYYTX96;
					};
				};
			};
			buildConfigurationList = B3EAA4F4149BB71500E215C4 /* Build configuration list for PBXProject "WBOR" */;
			compatibilityVersion = "Xcode 3.2";
			developmentRegion = English;
			hasScannedForEncodings = 0;
			knownRegions = (
				en,
			);
			mainGroup = B3EAA4EF149BB71500E215C4;
			productRefGroup = B3EAA4FB149BB71600E215C4 /* Products */;
			projectDirPath = "";
			projectRoot = "";
			targets = (
				B3EAA4F9149BB71600E215C4 /* WBOR */,
				B3EAA528149BB71600E215C4 /* WBORTests */,
			);
		};
/* End PBXProject section */

/* Begin PBXResourcesBuildPhase section */
		B3EAA4F8149BB71600E215C4 /* Resources */ = {
			isa = PBXResourcesBuildPhase;
			buildActionMask = 2147483647;
			files = (
				B3EAA509149BB71600E215C4 /* InfoPlist.strings in Resources */,
				B3EAA512149BB71600E215C4 /* MainStoryboard_iPhone.storyboard in Resources */,
				454220E0190384DD0009EA40 /* Images.xcassets in Resources */,
				456715B41C6D4BBC0069C377 /* PlayerControlsView.xib in Resources */,
				B3EAA550149BBD9F00E215C4 /* wbor.m3u in Resources */,
				456715AE1C6D2CBD0069C377 /* Launch Screen.storyboard in Resources */,
			);
			runOnlyForDeploymentPostprocessing = 0;
		};
		B3EAA526149BB71600E215C4 /* Resources */ = {
			isa = PBXResourcesBuildPhase;
			buildActionMask = 2147483647;
			files = (
				B3EAA535149BB71600E215C4 /* InfoPlist.strings in Resources */,
			);
			runOnlyForDeploymentPostprocessing = 0;
		};
/* End PBXResourcesBuildPhase section */

/* Begin PBXShellScriptBuildPhase section */
		B3EAA527149BB71600E215C4 /* ShellScript */ = {
			isa = PBXShellScriptBuildPhase;
			buildActionMask = 2147483647;
			files = (
			);
			inputPaths = (
			);
			outputPaths = (
			);
			runOnlyForDeploymentPostprocessing = 0;
			shellPath = /bin/sh;
			shellScript = "# Run the unit tests in this test bundle.\n\"${SYSTEM_DEVELOPER_DIR}/Tools/RunUnitTests\"\n";
		};
/* End PBXShellScriptBuildPhase section */

/* Begin PBXSourcesBuildPhase section */
		B3EAA4F6149BB71600E215C4 /* Sources */ = {
			isa = PBXSourcesBuildPhase;
			buildActionMask = 2147483647;
			files = (
				458005FE1CBEEA7900CCE374 /* RMShapedImageView.swift in Sources */,
				4589FCA919D7800B009CBF9B /* RootViewController.swift in Sources */,
				4589FCAB19D79168009CBF9B /* AppDelegate.swift in Sources */,
				45C89544198DBEEE0040008A /* Playlist.swift in Sources */,
				456715B61C6D4FAF0069C377 /* PlayerControlsView.swift in Sources */,
			);
			runOnlyForDeploymentPostprocessing = 0;
		};
		B3EAA524149BB71600E215C4 /* Sources */ = {
			isa = PBXSourcesBuildPhase;
			buildActionMask = 2147483647;
			files = (
				B3EAA538149BB71600E215C4 /* WBOR_FINALTests.m in Sources */,
			);
			runOnlyForDeploymentPostprocessing = 0;
		};
/* End PBXSourcesBuildPhase section */

/* Begin PBXTargetDependency section */
		B3EAA52F149BB71600E215C4 /* PBXTargetDependency */ = {
			isa = PBXTargetDependency;
			target = B3EAA4F9149BB71600E215C4 /* WBOR */;
			targetProxy = B3EAA52E149BB71600E215C4 /* PBXContainerItemProxy */;
		};
/* End PBXTargetDependency section */

/* Begin PBXVariantGroup section */
		B3EAA507149BB71600E215C4 /* InfoPlist.strings */ = {
			isa = PBXVariantGroup;
			children = (
				B3EAA508149BB71600E215C4 /* en */,
			);
			name = InfoPlist.strings;
			sourceTree = "<group>";
		};
		B3EAA510149BB71600E215C4 /* MainStoryboard_iPhone.storyboard */ = {
			isa = PBXVariantGroup;
			children = (
				B3EAA511149BB71600E215C4 /* en */,
			);
			name = MainStoryboard_iPhone.storyboard;
			sourceTree = "<group>";
		};
		B3EAA533149BB71600E215C4 /* InfoPlist.strings */ = {
			isa = PBXVariantGroup;
			children = (
				B3EAA534149BB71600E215C4 /* en */,
			);
			name = InfoPlist.strings;
			sourceTree = "<group>";
		};
/* End PBXVariantGroup section */

/* Begin XCBuildConfiguration section */
		B3EAA539149BB71600E215C4 /* Debug */ = {
			isa = XCBuildConfiguration;
			buildSettings = {
				ALWAYS_SEARCH_USER_PATHS = NO;
				CLANG_ENABLE_OBJC_ARC = YES;
				CLANG_WARN_BOOL_CONVERSION = YES;
				CLANG_WARN_CONSTANT_CONVERSION = YES;
				CLANG_WARN_EMPTY_BODY = YES;
				CLANG_WARN_ENUM_CONVERSION = YES;
				CLANG_WARN_INT_CONVERSION = YES;
				CLANG_WARN_UNREACHABLE_CODE = YES;
				CLANG_WARN__DUPLICATE_METHOD_MATCH = YES;
				"CODE_SIGN_IDENTITY[sdk=iphoneos*]" = "iPhone Distribution: Bowdoin College";
				COPY_PHASE_STRIP = NO;
				ENABLE_STRICT_OBJC_MSGSEND = YES;
				ENABLE_TESTABILITY = YES;
				GCC_C_LANGUAGE_STANDARD = gnu99;
				GCC_DYNAMIC_NO_PIC = NO;
				GCC_NO_COMMON_BLOCKS = YES;
				GCC_OPTIMIZATION_LEVEL = 0;
				GCC_PREPROCESSOR_DEFINITIONS = (
					"DEBUG=1",
					"$(inherited)",
				);
				GCC_SYMBOLS_PRIVATE_EXTERN = NO;
				GCC_VERSION = com.apple.compilers.llvm.clang.1_0;
				GCC_WARN_64_TO_32_BIT_CONVERSION = YES;
				GCC_WARN_ABOUT_MISSING_PROTOTYPES = YES;
				GCC_WARN_ABOUT_RETURN_TYPE = YES;
				GCC_WARN_UNDECLARED_SELECTOR = YES;
				GCC_WARN_UNINITIALIZED_AUTOS = YES;
				GCC_WARN_UNUSED_FUNCTION = YES;
				GCC_WARN_UNUSED_VARIABLE = YES;
				IPHONEOS_DEPLOYMENT_TARGET = 5.0;
				ONLY_ACTIVE_ARCH = YES;
				"PROVISIONING_PROFILE[sdk=iphoneos*]" = "A5C543E6-049F-4C87-B234-AC5BEE0FD27D";
				SDKROOT = iphoneos;
				TARGETED_DEVICE_FAMILY = "1,2";
			};
			name = Debug;
		};
		B3EAA53A149BB71600E215C4 /* Release */ = {
			isa = XCBuildConfiguration;
			buildSettings = {
				ALWAYS_SEARCH_USER_PATHS = NO;
				CLANG_ENABLE_OBJC_ARC = YES;
				CLANG_WARN_BOOL_CONVERSION = YES;
				CLANG_WARN_CONSTANT_CONVERSION = YES;
				CLANG_WARN_EMPTY_BODY = YES;
				CLANG_WARN_ENUM_CONVERSION = YES;
				CLANG_WARN_INT_CONVERSION = YES;
				CLANG_WARN_UNREACHABLE_CODE = YES;
				CLANG_WARN__DUPLICATE_METHOD_MATCH = YES;
				"CODE_SIGN_IDENTITY[sdk=iphoneos*]" = "iPhone Distribution: Bowdoin College";
				COPY_PHASE_STRIP = YES;
				ENABLE_STRICT_OBJC_MSGSEND = YES;
				GCC_C_LANGUAGE_STANDARD = gnu99;
				GCC_NO_COMMON_BLOCKS = YES;
				GCC_VERSION = com.apple.compilers.llvm.clang.1_0;
				GCC_WARN_64_TO_32_BIT_CONVERSION = YES;
				GCC_WARN_ABOUT_MISSING_PROTOTYPES = YES;
				GCC_WARN_ABOUT_RETURN_TYPE = YES;
				GCC_WARN_UNDECLARED_SELECTOR = YES;
				GCC_WARN_UNINITIALIZED_AUTOS = YES;
				GCC_WARN_UNUSED_FUNCTION = YES;
				GCC_WARN_UNUSED_VARIABLE = YES;
				IPHONEOS_DEPLOYMENT_TARGET = 5.0;
				OTHER_CFLAGS = "-DNS_BLOCK_ASSERTIONS=1";
				"PROVISIONING_PROFILE[sdk=iphoneos*]" = "A5C543E6-049F-4C87-B234-AC5BEE0FD27D";
				SDKROOT = iphoneos;
				TARGETED_DEVICE_FAMILY = "1,2";
				VALIDATE_PRODUCT = YES;
			};
			name = Release;
		};
		B3EAA53C149BB71600E215C4 /* Debug */ = {
			isa = XCBuildConfiguration;
			buildSettings = {
				ASSETCATALOG_COMPILER_APPICON_NAME = AppIcon;
				CLANG_ENABLE_MODULES = YES;
				CODE_SIGN_IDENTITY = "iPhone Developer";
				"CODE_SIGN_IDENTITY[sdk=iphoneos*]" = "iPhone Developer";
				FRAMEWORK_SEARCH_PATHS = (
					"$(inherited)",
					"$(PROJECT_DIR)",
				);
				GCC_PRECOMPILE_PREFIX_HEADER = YES;
				GCC_PREFIX_HEADER = "WBOR/WBOR-Prefix.pch";
				INFOPLIST_FILE = "WBOR/WBOR-Info.plist";
				IPHONEOS_DEPLOYMENT_TARGET = 8.0;
				LD_RUNPATH_SEARCH_PATHS = "$(inherited) @executable_path/Frameworks";
				PRODUCT_BUNDLE_IDENTIFIER = com.rmartinez.WBOR;
				PRODUCT_NAME = WBOR;
				PROVISIONING_PROFILE = "";
				SWIFT_OPTIMIZATION_LEVEL = "-Onone";
				TARGETED_DEVICE_FAMILY = 1;
				WRAPPER_EXTENSION = app;
			};
			name = Debug;
		};
		B3EAA53D149BB71600E215C4 /* Release */ = {
			isa = XCBuildConfiguration;
			buildSettings = {
				ASSETCATALOG_COMPILER_APPICON_NAME = AppIcon;
				CLANG_ENABLE_MODULES = YES;
				CODE_SIGN_IDENTITY = "iPhone Developer";
				"CODE_SIGN_IDENTITY[sdk=iphoneos*]" = "iPhone Developer";
				FRAMEWORK_SEARCH_PATHS = (
					"$(inherited)",
					"$(PROJECT_DIR)",
				);
				GCC_PRECOMPILE_PREFIX_HEADER = YES;
				GCC_PREFIX_HEADER = "WBOR/WBOR-Prefix.pch";
				INFOPLIST_FILE = "WBOR/WBOR-Info.plist";
				IPHONEOS_DEPLOYMENT_TARGET = 8.0;
				LD_RUNPATH_SEARCH_PATHS = "$(inherited) @executable_path/Frameworks";
				PRODUCT_BUNDLE_IDENTIFIER = com.rmartinez.WBOR;
				PRODUCT_NAME = WBOR;
				PROVISIONING_PROFILE = "";
				TARGETED_DEVICE_FAMILY = 1;
				WRAPPER_EXTENSION = app;
			};
			name = Release;
		};
		B3EAA53F149BB71600E215C4 /* Debug */ = {
			isa = XCBuildConfiguration;
			buildSettings = {
				BUNDLE_LOADER = "$(BUILT_PRODUCTS_DIR)/WBOR.app/WBOR";
				FRAMEWORK_SEARCH_PATHS = (
					"$(SDKROOT)/Developer/Library/Frameworks",
					"$(inherited)",
				);
				GCC_PRECOMPILE_PREFIX_HEADER = YES;
				GCC_PREFIX_HEADER = "WBOR/WBOR FINAL-Prefix.pch";
				INFOPLIST_FILE = "WBOR FINALTests/WBORTests-Info.plist";
				PRODUCT_BUNDLE_IDENTIFIER = "Bowdoin.${PRODUCT_NAME:rfc1034identifier}";
				PRODUCT_NAME = WBORTests;
				TEST_HOST = "$(BUNDLE_LOADER)";
			};
			name = Debug;
		};
		B3EAA540149BB71600E215C4 /* Release */ = {
			isa = XCBuildConfiguration;
			buildSettings = {
				BUNDLE_LOADER = "$(BUILT_PRODUCTS_DIR)/WBOR.app/WBOR";
				FRAMEWORK_SEARCH_PATHS = (
					"$(SDKROOT)/Developer/Library/Frameworks",
					"$(inherited)",
				);
				GCC_PRECOMPILE_PREFIX_HEADER = YES;
				GCC_PREFIX_HEADER = "WBOR/WBOR FINAL-Prefix.pch";
				INFOPLIST_FILE = "WBOR FINALTests/WBORTests-Info.plist";
				PRODUCT_BUNDLE_IDENTIFIER = "Bowdoin.${PRODUCT_NAME:rfc1034identifier}";
				PRODUCT_NAME = WBORTests;
				TEST_HOST = "$(BUNDLE_LOADER)";
			};
			name = Release;
		};
/* End XCBuildConfiguration section */

/* Begin XCConfigurationList section */
		B3EAA4F4149BB71500E215C4 /* Build configuration list for PBXProject "WBOR" */ = {
			isa = XCConfigurationList;
			buildConfigurations = (
				B3EAA539149BB71600E215C4 /* Debug */,
				B3EAA53A149BB71600E215C4 /* Release */,
			);
			defaultConfigurationIsVisible = 0;
			defaultConfigurationName = Release;
		};
		B3EAA53B149BB71600E215C4 /* Build configuration list for PBXNativeTarget "WBOR" */ = {
			isa = XCConfigurationList;
			buildConfigurations = (
				B3EAA53C149BB71600E215C4 /* Debug */,
				B3EAA53D149BB71600E215C4 /* Release */,
			);
			defaultConfigurationIsVisible = 0;
			defaultConfigurationName = Release;
		};
		B3EAA53E149BB71600E215C4 /* Build configuration list for PBXNativeTarget "WBORTests" */ = {
			isa = XCConfigurationList;
			buildConfigurations = (
				B3EAA53F149BB71600E215C4 /* Debug */,
				B3EAA540149BB71600E215C4 /* Release */,
			);
			defaultConfigurationIsVisible = 0;
			defaultConfigurationName = Release;
		};
/* End XCConfigurationList section */
	};
	rootObject = B3EAA4F1149BB71500E215C4 /* Project object */;
}
