// !$*UTF8*$!
{
	archiveVersion = 1;
	classes = {
	};
	objectVersion = 46;
	objects = {

/* Begin PBXBuildFile section */
		4507EDA418A74F9F00B8A513 /* QuartzCore.framework in Frameworks */ = {isa = PBXBuildFile; fileRef = 4507EDA318A74F9F00B8A513 /* QuartzCore.framework */; };
		452F1FEC18A76E420087A846 /* AVFoundation.framework in Frameworks */ = {isa = PBXBuildFile; fileRef = 452F1FEB18A76E420087A846 /* AVFoundation.framework */; };
		454220D9190384DD0009EA40 /* 29_square.png in Resources */ = {isa = PBXBuildFile; fileRef = 454220CC190384DD0009EA40 /* 29_square.png */; };
		454220DA190384DD0009EA40 /* 58_square.png in Resources */ = {isa = PBXBuildFile; fileRef = 454220CD190384DD0009EA40 /* 58_square.png */; };
		454220DB190384DD0009EA40 /* 60_square.png in Resources */ = {isa = PBXBuildFile; fileRef = 454220CE190384DD0009EA40 /* 60_square.png */; };
		454220DC190384DD0009EA40 /* 80_square.png in Resources */ = {isa = PBXBuildFile; fileRef = 454220CF190384DD0009EA40 /* 80_square.png */; };
		454220DD190384DD0009EA40 /* 114_square.png in Resources */ = {isa = PBXBuildFile; fileRef = 454220D0190384DD0009EA40 /* 114_square.png */; };
		454220DE190384DD0009EA40 /* 120_square.png in Resources */ = {isa = PBXBuildFile; fileRef = 454220D1190384DD0009EA40 /* 120_square.png */; };
		454220DF190384DD0009EA40 /* 120_square2.png in Resources */ = {isa = PBXBuildFile; fileRef = 454220D2190384DD0009EA40 /* 120_square2.png */; };
		454220E0190384DD0009EA40 /* Images.xcassets in Resources */ = {isa = PBXBuildFile; fileRef = 454220D3190384DD0009EA40 /* Images.xcassets */; };
		454220E1190384DD0009EA40 /* pause.png in Resources */ = {isa = PBXBuildFile; fileRef = 454220D4190384DD0009EA40 /* pause.png */; };
		454220E2190384DD0009EA40 /* pause2.png in Resources */ = {isa = PBXBuildFile; fileRef = 454220D5190384DD0009EA40 /* pause2.png */; };
		454220E3190384DD0009EA40 /* play.png in Resources */ = {isa = PBXBuildFile; fileRef = 454220D6190384DD0009EA40 /* play.png */; };
		454220E4190384DD0009EA40 /* play2.png in Resources */ = {isa = PBXBuildFile; fileRef = 454220D7190384DD0009EA40 /* play2.png */; };
		4587874018A6DAB1009677D8 /* Default-568h@2x.png in Resources */ = {isa = PBXBuildFile; fileRef = 4587873F18A6DAB1009677D8 /* Default-568h@2x.png */; };
		4587874218A6F6DD009677D8 /* wbor.png in Resources */ = {isa = PBXBuildFile; fileRef = 4587874118A6F6DD009677D8 /* wbor.png */; };
		45A64F93198C092700EF19DE /* Untitled.png in Resources */ = {isa = PBXBuildFile; fileRef = 45A64F92198C092700EF19DE /* Untitled.png */; };
		B3D07C54149D85F2002D0148 /* PlayList.m in Sources */ = {isa = PBXBuildFile; fileRef = B3D07C53149D85F2002D0148 /* PlayList.m */; };
		B3EAA4FF149BB71600E215C4 /* UIKit.framework in Frameworks */ = {isa = PBXBuildFile; fileRef = B3EAA4FE149BB71600E215C4 /* UIKit.framework */; };
		B3EAA501149BB71600E215C4 /* Foundation.framework in Frameworks */ = {isa = PBXBuildFile; fileRef = B3EAA500149BB71600E215C4 /* Foundation.framework */; };
		B3EAA503149BB71600E215C4 /* CoreGraphics.framework in Frameworks */ = {isa = PBXBuildFile; fileRef = B3EAA502149BB71600E215C4 /* CoreGraphics.framework */; };
		B3EAA509149BB71600E215C4 /* InfoPlist.strings in Resources */ = {isa = PBXBuildFile; fileRef = B3EAA507149BB71600E215C4 /* InfoPlist.strings */; };
		B3EAA50B149BB71600E215C4 /* main.m in Sources */ = {isa = PBXBuildFile; fileRef = B3EAA50A149BB71600E215C4 /* main.m */; };
		B3EAA50F149BB71600E215C4 /* AppDelegate.m in Sources */ = {isa = PBXBuildFile; fileRef = B3EAA50E149BB71600E215C4 /* AppDelegate.m */; };
		B3EAA512149BB71600E215C4 /* MainStoryboard_iPhone.storyboard in Resources */ = {isa = PBXBuildFile; fileRef = B3EAA510149BB71600E215C4 /* MainStoryboard_iPhone.storyboard */; };
		B3EAA518149BB71600E215C4 /* FirstViewController.m in Sources */ = {isa = PBXBuildFile; fileRef = B3EAA517149BB71600E215C4 /* FirstViewController.m */; };
		B3EAA51A149BB71600E215C4 /* first.png in Resources */ = {isa = PBXBuildFile; fileRef = B3EAA519149BB71600E215C4 /* first.png */; };
		B3EAA51C149BB71600E215C4 /* first@2x.png in Resources */ = {isa = PBXBuildFile; fileRef = B3EAA51B149BB71600E215C4 /* first@2x.png */; };
		B3EAA521149BB71600E215C4 /* second.png in Resources */ = {isa = PBXBuildFile; fileRef = B3EAA520149BB71600E215C4 /* second.png */; };
		B3EAA523149BB71600E215C4 /* second@2x.png in Resources */ = {isa = PBXBuildFile; fileRef = B3EAA522149BB71600E215C4 /* second@2x.png */; };
		B3EAA52C149BB71600E215C4 /* UIKit.framework in Frameworks */ = {isa = PBXBuildFile; fileRef = B3EAA4FE149BB71600E215C4 /* UIKit.framework */; };
		B3EAA52D149BB71600E215C4 /* Foundation.framework in Frameworks */ = {isa = PBXBuildFile; fileRef = B3EAA500149BB71600E215C4 /* Foundation.framework */; };
		B3EAA535149BB71600E215C4 /* InfoPlist.strings in Resources */ = {isa = PBXBuildFile; fileRef = B3EAA533149BB71600E215C4 /* InfoPlist.strings */; };
		B3EAA538149BB71600E215C4 /* WBOR_FINALTests.m in Sources */ = {isa = PBXBuildFile; fileRef = B3EAA537149BB71600E215C4 /* WBOR_FINALTests.m */; };
		B3EAA542149BB72700E215C4 /* AudioToolbox.framework in Frameworks */ = {isa = PBXBuildFile; fileRef = B3EAA541149BB72700E215C4 /* AudioToolbox.framework */; };
		B3EAA550149BBD9F00E215C4 /* wbor.m3u in Resources */ = {isa = PBXBuildFile; fileRef = B3EAA54F149BBD9F00E215C4 /* wbor.m3u */; };
		B3EAA552149BC4FE00E215C4 /* CFNetwork.framework in Frameworks */ = {isa = PBXBuildFile; fileRef = B3EAA551149BC4FE00E215C4 /* CFNetwork.framework */; };
		B3EAA554149BC50F00E215C4 /* MediaPlayer.framework in Frameworks */ = {isa = PBXBuildFile; fileRef = B3EAA553149BC50F00E215C4 /* MediaPlayer.framework */; };
/* End PBXBuildFile section */

/* Begin PBXContainerItemProxy section */
		B3EAA52E149BB71600E215C4 /* PBXContainerItemProxy */ = {
			isa = PBXContainerItemProxy;
			containerPortal = B3EAA4F1149BB71500E215C4 /* Project object */;
			proxyType = 1;
			remoteGlobalIDString = B3EAA4F9149BB71600E215C4;
			remoteInfo = "WBOR FINAL";
		};
/* End PBXContainerItemProxy section */

/* Begin PBXFileReference section */
		4507EDA318A74F9F00B8A513 /* QuartzCore.framework */ = {isa = PBXFileReference; lastKnownFileType = wrapper.framework; name = QuartzCore.framework; path = System/Library/Frameworks/QuartzCore.framework; sourceTree = SDKROOT; };
		452F1FEB18A76E420087A846 /* AVFoundation.framework */ = {isa = PBXFileReference; lastKnownFileType = wrapper.framework; name = AVFoundation.framework; path = System/Library/Frameworks/AVFoundation.framework; sourceTree = SDKROOT; };
		454220CC190384DD0009EA40 /* 29_square.png */ = {isa = PBXFileReference; lastKnownFileType = image.png; path = 29_square.png; sourceTree = "<group>"; };
		454220CD190384DD0009EA40 /* 58_square.png */ = {isa = PBXFileReference; lastKnownFileType = image.png; path = 58_square.png; sourceTree = "<group>"; };
		454220CE190384DD0009EA40 /* 60_square.png */ = {isa = PBXFileReference; lastKnownFileType = image.png; path = 60_square.png; sourceTree = "<group>"; };
		454220CF190384DD0009EA40 /* 80_square.png */ = {isa = PBXFileReference; lastKnownFileType = image.png; path = 80_square.png; sourceTree = "<group>"; };
		454220D0190384DD0009EA40 /* 114_square.png */ = {isa = PBXFileReference; lastKnownFileType = image.png; path = 114_square.png; sourceTree = "<group>"; };
		454220D1190384DD0009EA40 /* 120_square.png */ = {isa = PBXFileReference; lastKnownFileType = image.png; path = 120_square.png; sourceTree = "<group>"; };
		454220D2190384DD0009EA40 /* 120_square2.png */ = {isa = PBXFileReference; lastKnownFileType = image.png; path = 120_square2.png; sourceTree = "<group>"; };
		454220D3190384DD0009EA40 /* Images.xcassets */ = {isa = PBXFileReference; lastKnownFileType = folder.assetcatalog; path = Images.xcassets; sourceTree = "<group>"; };
		454220D4190384DD0009EA40 /* pause.png */ = {isa = PBXFileReference; lastKnownFileType = image.png; path = pause.png; sourceTree = "<group>"; };
		454220D5190384DD0009EA40 /* pause2.png */ = {isa = PBXFileReference; lastKnownFileType = image.png; path = pause2.png; sourceTree = "<group>"; };
		454220D6190384DD0009EA40 /* play.png */ = {isa = PBXFileReference; lastKnownFileType = image.png; path = play.png; sourceTree = "<group>"; };
		454220D7190384DD0009EA40 /* play2.png */ = {isa = PBXFileReference; lastKnownFileType = image.png; path = play2.png; sourceTree = "<group>"; };
		4587873F18A6DAB1009677D8 /* Default-568h@2x.png */ = {isa = PBXFileReference; lastKnownFileType = image.png; name = "Default-568h@2x.png"; path = "../Default-568h@2x.png"; sourceTree = "<group>"; };
		4587874118A6F6DD009677D8 /* wbor.png */ = {isa = PBXFileReference; lastKnownFileType = image.png; path = wbor.png; sourceTree = "<group>"; };
		45A64F92198C092700EF19DE /* Untitled.png */ = {isa = PBXFileReference; lastKnownFileType = image.png; name = Untitled.png; path = ../Untitled.png; sourceTree = "<group>"; };
		B3D07C52149D85F2002D0148 /* PlayList.h */ = {isa = PBXFileReference; fileEncoding = 4; lastKnownFileType = sourcecode.c.h; path = PlayList.h; sourceTree = "<group>"; };
		B3D07C53149D85F2002D0148 /* PlayList.m */ = {isa = PBXFileReference; fileEncoding = 4; lastKnownFileType = sourcecode.c.objc; path = PlayList.m; sourceTree = "<group>"; };
		B3EAA4FA149BB71600E215C4 /* WBOR.app */ = {isa = PBXFileReference; explicitFileType = wrapper.application; includeInIndex = 0; path = WBOR.app; sourceTree = BUILT_PRODUCTS_DIR; };
		B3EAA4FE149BB71600E215C4 /* UIKit.framework */ = {isa = PBXFileReference; lastKnownFileType = wrapper.framework; name = UIKit.framework; path = System/Library/Frameworks/UIKit.framework; sourceTree = SDKROOT; };
		B3EAA500149BB71600E215C4 /* Foundation.framework */ = {isa = PBXFileReference; lastKnownFileType = wrapper.framework; name = Foundation.framework; path = System/Library/Frameworks/Foundation.framework; sourceTree = SDKROOT; };
		B3EAA502149BB71600E215C4 /* CoreGraphics.framework */ = {isa = PBXFileReference; lastKnownFileType = wrapper.framework; name = CoreGraphics.framework; path = System/Library/Frameworks/CoreGraphics.framework; sourceTree = SDKROOT; };
		B3EAA506149BB71600E215C4 /* WBOR-Info.plist */ = {isa = PBXFileReference; lastKnownFileType = text.plist.xml; path = "WBOR-Info.plist"; sourceTree = "<group>"; };
		B3EAA508149BB71600E215C4 /* en */ = {isa = PBXFileReference; lastKnownFileType = text.plist.strings; name = en; path = en.lproj/InfoPlist.strings; sourceTree = "<group>"; };
		B3EAA50A149BB71600E215C4 /* main.m */ = {isa = PBXFileReference; lastKnownFileType = sourcecode.c.objc; path = main.m; sourceTree = "<group>"; };
		B3EAA50C149BB71600E215C4 /* WBOR-Prefix.pch */ = {isa = PBXFileReference; lastKnownFileType = sourcecode.c.h; path = "WBOR-Prefix.pch"; sourceTree = "<group>"; };
		B3EAA50D149BB71600E215C4 /* AppDelegate.h */ = {isa = PBXFileReference; lastKnownFileType = sourcecode.c.h; path = AppDelegate.h; sourceTree = "<group>"; };
		B3EAA50E149BB71600E215C4 /* AppDelegate.m */ = {isa = PBXFileReference; lastKnownFileType = sourcecode.c.objc; path = AppDelegate.m; sourceTree = "<group>"; };
		B3EAA511149BB71600E215C4 /* en */ = {isa = PBXFileReference; lastKnownFileType = file.storyboard; name = en; path = en.lproj/MainStoryboard_iPhone.storyboard; sourceTree = "<group>"; };
		B3EAA516149BB71600E215C4 /* FirstViewController.h */ = {isa = PBXFileReference; lastKnownFileType = sourcecode.c.h; path = FirstViewController.h; sourceTree = "<group>"; };
		B3EAA517149BB71600E215C4 /* FirstViewController.m */ = {isa = PBXFileReference; lastKnownFileType = sourcecode.c.objc; path = FirstViewController.m; sourceTree = "<group>"; };
		B3EAA519149BB71600E215C4 /* first.png */ = {isa = PBXFileReference; lastKnownFileType = image.png; path = first.png; sourceTree = "<group>"; };
		B3EAA51B149BB71600E215C4 /* first@2x.png */ = {isa = PBXFileReference; lastKnownFileType = image.png; path = "first@2x.png"; sourceTree = "<group>"; };
		B3EAA520149BB71600E215C4 /* second.png */ = {isa = PBXFileReference; lastKnownFileType = image.png; path = second.png; sourceTree = "<group>"; };
		B3EAA522149BB71600E215C4 /* second@2x.png */ = {isa = PBXFileReference; lastKnownFileType = image.png; path = "second@2x.png"; sourceTree = "<group>"; };
		B3EAA529149BB71600E215C4 /* WBORTests.xctest */ = {isa = PBXFileReference; explicitFileType = wrapper.cfbundle; includeInIndex = 0; path = WBORTests.xctest; sourceTree = BUILT_PRODUCTS_DIR; };
		B3EAA532149BB71600E215C4 /* WBORTests-Info.plist */ = {isa = PBXFileReference; lastKnownFileType = text.plist.xml; path = "WBORTests-Info.plist"; sourceTree = "<group>"; };
		B3EAA534149BB71600E215C4 /* en */ = {isa = PBXFileReference; lastKnownFileType = text.plist.strings; name = en; path = en.lproj/InfoPlist.strings; sourceTree = "<group>"; };
		B3EAA536149BB71600E215C4 /* WBOR_FINALTests.h */ = {isa = PBXFileReference; lastKnownFileType = sourcecode.c.h; path = WBOR_FINALTests.h; sourceTree = "<group>"; };
		B3EAA537149BB71600E215C4 /* WBOR_FINALTests.m */ = {isa = PBXFileReference; lastKnownFileType = sourcecode.c.objc; path = WBOR_FINALTests.m; sourceTree = "<group>"; };
		B3EAA541149BB72700E215C4 /* AudioToolbox.framework */ = {isa = PBXFileReference; lastKnownFileType = wrapper.framework; name = AudioToolbox.framework; path = System/Library/Frameworks/AudioToolbox.framework; sourceTree = SDKROOT; };
		B3EAA54F149BBD9F00E215C4 /* wbor.m3u */ = {isa = PBXFileReference; fileEncoding = 4; lastKnownFileType = text; path = wbor.m3u; sourceTree = "<group>"; };
		B3EAA551149BC4FE00E215C4 /* CFNetwork.framework */ = {isa = PBXFileReference; lastKnownFileType = wrapper.framework; name = CFNetwork.framework; path = System/Library/Frameworks/CFNetwork.framework; sourceTree = SDKROOT; };
		B3EAA553149BC50F00E215C4 /* MediaPlayer.framework */ = {isa = PBXFileReference; lastKnownFileType = wrapper.framework; name = MediaPlayer.framework; path = System/Library/Frameworks/MediaPlayer.framework; sourceTree = SDKROOT; };
/* End PBXFileReference section */

/* Begin PBXFrameworksBuildPhase section */
		B3EAA4F7149BB71600E215C4 /* Frameworks */ = {
			isa = PBXFrameworksBuildPhase;
			buildActionMask = 2147483647;
			files = (
				452F1FEC18A76E420087A846 /* AVFoundation.framework in Frameworks */,
				4507EDA418A74F9F00B8A513 /* QuartzCore.framework in Frameworks */,
				B3EAA554149BC50F00E215C4 /* MediaPlayer.framework in Frameworks */,
				B3EAA552149BC4FE00E215C4 /* CFNetwork.framework in Frameworks */,
				B3EAA542149BB72700E215C4 /* AudioToolbox.framework in Frameworks */,
				B3EAA4FF149BB71600E215C4 /* UIKit.framework in Frameworks */,
				B3EAA501149BB71600E215C4 /* Foundation.framework in Frameworks */,
				B3EAA503149BB71600E215C4 /* CoreGraphics.framework in Frameworks */,
			);
			runOnlyForDeploymentPostprocessing = 0;
		};
		B3EAA525149BB71600E215C4 /* Frameworks */ = {
			isa = PBXFrameworksBuildPhase;
			buildActionMask = 2147483647;
			files = (
				B3EAA52C149BB71600E215C4 /* UIKit.framework in Frameworks */,
				B3EAA52D149BB71600E215C4 /* Foundation.framework in Frameworks */,
			);
			runOnlyForDeploymentPostprocessing = 0;
		};
/* End PBXFrameworksBuildPhase section */

/* Begin PBXGroup section */
		B3EAA4EF149BB71500E215C4 = {
			isa = PBXGroup;
			children = (
				B3EAA504149BB71600E215C4 /* WBOR */,
				B3EAA530149BB71600E215C4 /* WBORTests */,
				B3EAA4FD149BB71600E215C4 /* Frameworks */,
				B3EAA4FB149BB71600E215C4 /* Products */,
			);
			sourceTree = "<group>";
		};
		B3EAA4FB149BB71600E215C4 /* Products */ = {
			isa = PBXGroup;
			children = (
				B3EAA4FA149BB71600E215C4 /* WBOR.app */,
				B3EAA529149BB71600E215C4 /* WBORTests.xctest */,
			);
			name = Products;
			sourceTree = "<group>";
		};
		B3EAA4FD149BB71600E215C4 /* Frameworks */ = {
			isa = PBXGroup;
			children = (
				452F1FEB18A76E420087A846 /* AVFoundation.framework */,
				4507EDA318A74F9F00B8A513 /* QuartzCore.framework */,
				B3EAA553149BC50F00E215C4 /* MediaPlayer.framework */,
				B3EAA551149BC4FE00E215C4 /* CFNetwork.framework */,
				B3EAA541149BB72700E215C4 /* AudioToolbox.framework */,
				B3EAA4FE149BB71600E215C4 /* UIKit.framework */,
				B3EAA500149BB71600E215C4 /* Foundation.framework */,
				B3EAA502149BB71600E215C4 /* CoreGraphics.framework */,
			);
			name = Frameworks;
			sourceTree = "<group>";
		};
		B3EAA504149BB71600E215C4 /* WBOR */ = {
			isa = PBXGroup;
			children = (
				B3EAA50D149BB71600E215C4 /* AppDelegate.h */,
				B3EAA50E149BB71600E215C4 /* AppDelegate.m */,
				B3EAA510149BB71600E215C4 /* MainStoryboard_iPhone.storyboard */,
				B3EAA516149BB71600E215C4 /* FirstViewController.h */,
				B3EAA517149BB71600E215C4 /* FirstViewController.m */,
				B3D07C52149D85F2002D0148 /* PlayList.h */,
				B3D07C53149D85F2002D0148 /* PlayList.m */,
				B3EAA505149BB71600E215C4 /* Supporting Files */,
			);
			name = WBOR;
			path = "WBOR FINAL";
			sourceTree = "<group>";
		};
		B3EAA505149BB71600E215C4 /* Supporting Files */ = {
			isa = PBXGroup;
			children = (
				45A64F92198C092700EF19DE /* Untitled.png */,
				4587873F18A6DAB1009677D8 /* Default-568h@2x.png */,
				B3EAA520149BB71600E215C4 /* second.png */,
				B3EAA522149BB71600E215C4 /* second@2x.png */,
				B3EAA519149BB71600E215C4 /* first.png */,
				B3EAA51B149BB71600E215C4 /* first@2x.png */,
				454220CC190384DD0009EA40 /* 29_square.png */,
				454220CD190384DD0009EA40 /* 58_square.png */,
				454220CE190384DD0009EA40 /* 60_square.png */,
				454220CF190384DD0009EA40 /* 80_square.png */,
				454220D0190384DD0009EA40 /* 114_square.png */,
				454220D1190384DD0009EA40 /* 120_square.png */,
				454220D2190384DD0009EA40 /* 120_square2.png */,
				454220D3190384DD0009EA40 /* Images.xcassets */,
				454220D4190384DD0009EA40 /* pause.png */,
				454220D5190384DD0009EA40 /* pause2.png */,
				454220D6190384DD0009EA40 /* play.png */,
				454220D7190384DD0009EA40 /* play2.png */,
				4587874118A6F6DD009677D8 /* wbor.png */,
				B3EAA54F149BBD9F00E215C4 /* wbor.m3u */,
				B3EAA506149BB71600E215C4 /* WBOR-Info.plist */,
				B3EAA507149BB71600E215C4 /* InfoPlist.strings */,
				B3EAA50A149BB71600E215C4 /* main.m */,
				B3EAA50C149BB71600E215C4 /* WBOR-Prefix.pch */,
			);
			name = "Supporting Files";
			sourceTree = "<group>";
		};
		B3EAA530149BB71600E215C4 /* WBORTests */ = {
			isa = PBXGroup;
			children = (
				B3EAA536149BB71600E215C4 /* WBOR_FINALTests.h */,
				B3EAA537149BB71600E215C4 /* WBOR_FINALTests.m */,
				B3EAA531149BB71600E215C4 /* Supporting Files */,
			);
			name = WBORTests;
			path = "WBOR FINALTests";
			sourceTree = "<group>";
		};
		B3EAA531149BB71600E215C4 /* Supporting Files */ = {
			isa = PBXGroup;
			children = (
				B3EAA532149BB71600E215C4 /* WBORTests-Info.plist */,
				B3EAA533149BB71600E215C4 /* InfoPlist.strings */,
			);
			name = "Supporting Files";
			sourceTree = "<group>";
		};
/* End PBXGroup section */

/* Begin PBXNativeTarget section */
		B3EAA4F9149BB71600E215C4 /* WBOR */ = {
			isa = PBXNativeTarget;
			buildConfigurationList = B3EAA53B149BB71600E215C4 /* Build configuration list for PBXNativeTarget "WBOR" */;
			buildPhases = (
				B3EAA4F6149BB71600E215C4 /* Sources */,
				B3EAA4F7149BB71600E215C4 /* Frameworks */,
				B3EAA4F8149BB71600E215C4 /* Resources */,
			);
			buildRules = (
			);
			dependencies = (
			);
			name = WBOR;
			productName = "WBOR FINAL";
			productReference = B3EAA4FA149BB71600E215C4 /* WBOR.app */;
			productType = "com.apple.product-type.application";
		};
		B3EAA528149BB71600E215C4 /* WBORTests */ = {
			isa = PBXNativeTarget;
			buildConfigurationList = B3EAA53E149BB71600E215C4 /* Build configuration list for PBXNativeTarget "WBORTests" */;
			buildPhases = (
				B3EAA524149BB71600E215C4 /* Sources */,
				B3EAA525149BB71600E215C4 /* Frameworks */,
				B3EAA526149BB71600E215C4 /* Resources */,
				B3EAA527149BB71600E215C4 /* ShellScript */,
			);
			buildRules = (
			);
			dependencies = (
				B3EAA52F149BB71600E215C4 /* PBXTargetDependency */,
			);
			name = WBORTests;
			productName = "WBOR FINALTests";
			productReference = B3EAA529149BB71600E215C4 /* WBORTests.xctest */;
			productType = "com.apple.product-type.bundle.unit-test";
		};
/* End PBXNativeTarget section */

/* Begin PBXProject section */
		B3EAA4F1149BB71500E215C4 /* Project object */ = {
			isa = PBXProject;
			attributes = {
				LastTestingUpgradeCheck = 0510;
				LastUpgradeCheck = 0600;
				TargetAttributes = {
					B3EAA4F9149BB71600E215C4 = {
						DevelopmentTeam = FG7AYYTX96;
					};
				};
			};
			buildConfigurationList = B3EAA4F4149BB71500E215C4 /* Build configuration list for PBXProject "WBOR" */;
			compatibilityVersion = "Xcode 3.2";
			developmentRegion = English;
			hasScannedForEncodings = 0;
			knownRegions = (
				en,
			);
			mainGroup = B3EAA4EF149BB71500E215C4;
			productRefGroup = B3EAA4FB149BB71600E215C4 /* Products */;
			projectDirPath = "";
			projectRoot = "";
			targets = (
				B3EAA4F9149BB71600E215C4 /* WBOR */,
				B3EAA528149BB71600E215C4 /* WBORTests */,
			);
		};
/* End PBXProject section */

/* Begin PBXResourcesBuildPhase section */
		B3EAA4F8149BB71600E215C4 /* Resources */ = {
			isa = PBXResourcesBuildPhase;
			buildActionMask = 2147483647;
			files = (
				B3EAA509149BB71600E215C4 /* InfoPlist.strings in Resources */,
				454220DA190384DD0009EA40 /* 58_square.png in Resources */,
				454220E3190384DD0009EA40 /* play.png in Resources */,
				454220E1190384DD0009EA40 /* pause.png in Resources */,
				454220DD190384DD0009EA40 /* 114_square.png in Resources */,
				B3EAA512149BB71600E215C4 /* MainStoryboard_iPhone.storyboard in Resources */,
				B3EAA51A149BB71600E215C4 /* first.png in Resources */,
				454220E4190384DD0009EA40 /* play2.png in Resources */,
				B3EAA51C149BB71600E215C4 /* first@2x.png in Resources */,
				454220E0190384DD0009EA40 /* Images.xcassets in Resources */,
				4587874018A6DAB1009677D8 /* Default-568h@2x.png in Resources */,
				454220DE190384DD0009EA40 /* 120_square.png in Resources */,
				45A64F93198C092700EF19DE /* Untitled.png in Resources */,
				B3EAA521149BB71600E215C4 /* second.png in Resources */,
				B3EAA523149BB71600E215C4 /* second@2x.png in Resources */,
				454220E2190384DD0009EA40 /* pause2.png in Resources */,
				B3EAA550149BBD9F00E215C4 /* wbor.m3u in Resources */,
				454220DB190384DD0009EA40 /* 60_square.png in Resources */,
				4587874218A6F6DD009677D8 /* wbor.png in Resources */,
				454220D9190384DD0009EA40 /* 29_square.png in Resources */,
				454220DC190384DD0009EA40 /* 80_square.png in Resources */,
				454220DF190384DD0009EA40 /* 120_square2.png in Resources */,
			);
			runOnlyForDeploymentPostprocessing = 0;
		};
		B3EAA526149BB71600E215C4 /* Resources */ = {
			isa = PBXResourcesBuildPhase;
			buildActionMask = 2147483647;
			files = (
				B3EAA535149BB71600E215C4 /* InfoPlist.strings in Resources */,
			);
			runOnlyForDeploymentPostprocessing = 0;
		};
/* End PBXResourcesBuildPhase section */

/* Begin PBXShellScriptBuildPhase section */
		B3EAA527149BB71600E215C4 /* ShellScript */ = {
			isa = PBXShellScriptBuildPhase;
			buildActionMask = 2147483647;
			files = (
			);
			inputPaths = (
			);
			outputPaths = (
			);
			runOnlyForDeploymentPostprocessing = 0;
			shellPath = /bin/sh;
			shellScript = "# Run the unit tests in this test bundle.\n\"${SYSTEM_DEVELOPER_DIR}/Tools/RunUnitTests\"\n";
		};
/* End PBXShellScriptBuildPhase section */

/* Begin PBXSourcesBuildPhase section */
		B3EAA4F6149BB71600E215C4 /* Sources */ = {
			isa = PBXSourcesBuildPhase;
			buildActionMask = 2147483647;
			files = (
				B3EAA50B149BB71600E215C4 /* main.m in Sources */,
				B3EAA50F149BB71600E215C4 /* AppDelegate.m in Sources */,
				B3EAA518149BB71600E215C4 /* FirstViewController.m in Sources */,
				B3D07C54149D85F2002D0148 /* PlayList.m in Sources */,
			);
			runOnlyForDeploymentPostprocessing = 0;
		};
		B3EAA524149BB71600E215C4 /* Sources */ = {
			isa = PBXSourcesBuildPhase;
			buildActionMask = 2147483647;
			files = (
				B3EAA538149BB71600E215C4 /* WBOR_FINALTests.m in Sources */,
			);
			runOnlyForDeploymentPostprocessing = 0;
		};
/* End PBXSourcesBuildPhase section */

/* Begin PBXTargetDependency section */
		B3EAA52F149BB71600E215C4 /* PBXTargetDependency */ = {
			isa = PBXTargetDependency;
			target = B3EAA4F9149BB71600E215C4 /* WBOR */;
			targetProxy = B3EAA52E149BB71600E215C4 /* PBXContainerItemProxy */;
		};
/* End PBXTargetDependency section */

/* Begin PBXVariantGroup section */
		B3EAA507149BB71600E215C4 /* InfoPlist.strings */ = {
			isa = PBXVariantGroup;
			children = (
				B3EAA508149BB71600E215C4 /* en */,
			);
			name = InfoPlist.strings;
			sourceTree = "<group>";
		};
		B3EAA510149BB71600E215C4 /* MainStoryboard_iPhone.storyboard */ = {
			isa = PBXVariantGroup;
			children = (
				B3EAA511149BB71600E215C4 /* en */,
			);
			name = MainStoryboard_iPhone.storyboard;
			sourceTree = "<group>";
		};
		B3EAA533149BB71600E215C4 /* InfoPlist.strings */ = {
			isa = PBXVariantGroup;
			children = (
				B3EAA534149BB71600E215C4 /* en */,
			);
			name = InfoPlist.strings;
			sourceTree = "<group>";
		};
/* End PBXVariantGroup section */

/* Begin XCBuildConfiguration section */
		B3EAA539149BB71600E215C4 /* Debug */ = {
			isa = XCBuildConfiguration;
			buildSettings = {
				ALWAYS_SEARCH_USER_PATHS = NO;
				CLANG_ENABLE_OBJC_ARC = YES;
				CLANG_WARN_BOOL_CONVERSION = YES;
				CLANG_WARN_CONSTANT_CONVERSION = YES;
				CLANG_WARN_EMPTY_BODY = YES;
				CLANG_WARN_ENUM_CONVERSION = YES;
				CLANG_WARN_INT_CONVERSION = YES;
				CLANG_WARN_UNREACHABLE_CODE = YES;
				CLANG_WARN__DUPLICATE_METHOD_MATCH = YES;
				"CODE_SIGN_IDENTITY[sdk=iphoneos*]" = "iPhone Distribution: Bowdoin College";
				COPY_PHASE_STRIP = NO;
				ENABLE_STRICT_OBJC_MSGSEND = YES;
				GCC_C_LANGUAGE_STANDARD = gnu99;
				GCC_DYNAMIC_NO_PIC = NO;
				GCC_OPTIMIZATION_LEVEL = 0;
				GCC_PREPROCESSOR_DEFINITIONS = (
					"DEBUG=1",
					"$(inherited)",
				);
				GCC_SYMBOLS_PRIVATE_EXTERN = NO;
				GCC_VERSION = com.apple.compilers.llvm.clang.1_0;
				GCC_WARN_64_TO_32_BIT_CONVERSION = YES;
				GCC_WARN_ABOUT_MISSING_PROTOTYPES = YES;
				GCC_WARN_ABOUT_RETURN_TYPE = YES;
				GCC_WARN_UNDECLARED_SELECTOR = YES;
				GCC_WARN_UNINITIALIZED_AUTOS = YES;
				GCC_WARN_UNUSED_FUNCTION = YES;
				GCC_WARN_UNUSED_VARIABLE = YES;
				IPHONEOS_DEPLOYMENT_TARGET = 5.0;
				ONLY_ACTIVE_ARCH = YES;
				"PROVISIONING_PROFILE[sdk=iphoneos*]" = "A5C543E6-049F-4C87-B234-AC5BEE0FD27D";
				SDKROOT = iphoneos;
				TARGETED_DEVICE_FAMILY = "1,2";
			};
			name = Debug;
		};
		B3EAA53A149BB71600E215C4 /* Release */ = {
			isa = XCBuildConfiguration;
			buildSettings = {
				ALWAYS_SEARCH_USER_PATHS = NO;
				CLANG_ENABLE_OBJC_ARC = YES;
				CLANG_WARN_BOOL_CONVERSION = YES;
				CLANG_WARN_CONSTANT_CONVERSION = YES;
				CLANG_WARN_EMPTY_BODY = YES;
				CLANG_WARN_ENUM_CONVERSION = YES;
				CLANG_WARN_INT_CONVERSION = YES;
				CLANG_WARN_UNREACHABLE_CODE = YES;
				CLANG_WARN__DUPLICATE_METHOD_MATCH = YES;
				"CODE_SIGN_IDENTITY[sdk=iphoneos*]" = "iPhone Distribution: Bowdoin College";
				COPY_PHASE_STRIP = YES;
				ENABLE_STRICT_OBJC_MSGSEND = YES;
				GCC_C_LANGUAGE_STANDARD = gnu99;
				GCC_VERSION = com.apple.compilers.llvm.clang.1_0;
				GCC_WARN_64_TO_32_BIT_CONVERSION = YES;
				GCC_WARN_ABOUT_MISSING_PROTOTYPES = YES;
				GCC_WARN_ABOUT_RETURN_TYPE = YES;
				GCC_WARN_UNDECLARED_SELECTOR = YES;
				GCC_WARN_UNINITIALIZED_AUTOS = YES;
				GCC_WARN_UNUSED_FUNCTION = YES;
				GCC_WARN_UNUSED_VARIABLE = YES;
				IPHONEOS_DEPLOYMENT_TARGET = 5.0;
				OTHER_CFLAGS = "-DNS_BLOCK_ASSERTIONS=1";
				"PROVISIONING_PROFILE[sdk=iphoneos*]" = "A5C543E6-049F-4C87-B234-AC5BEE0FD27D";
				SDKROOT = iphoneos;
				TARGETED_DEVICE_FAMILY = "1,2";
				VALIDATE_PRODUCT = YES;
			};
			name = Release;
		};
		B3EAA53C149BB71600E215C4 /* Debug */ = {
			isa = XCBuildConfiguration;
			buildSettings = {
				ASSETCATALOG_COMPILER_APPICON_NAME = AppIcon;
				ASSETCATALOG_COMPILER_LAUNCHIMAGE_NAME = LaunchImage;
				CODE_SIGN_IDENTITY = "iPhone Developer";
				"CODE_SIGN_IDENTITY[sdk=iphoneos*]" = "iPhone Developer";
				GCC_PRECOMPILE_PREFIX_HEADER = YES;
				GCC_PREFIX_HEADER = "WBOR FINAL/WBOR-Prefix.pch";
				INFOPLIST_FILE = "WBOR FINAL/WBOR-Info.plist";
				IPHONEOS_DEPLOYMENT_TARGET = 6.0;
				PRODUCT_NAME = WBOR;
				PROVISIONING_PROFILE = "";
				TARGETED_DEVICE_FAMILY = 1;
				WRAPPER_EXTENSION = app;
			};
			name = Debug;
		};
		B3EAA53D149BB71600E215C4 /* Release */ = {
			isa = XCBuildConfiguration;
			buildSettings = {
				ASSETCATALOG_COMPILER_APPICON_NAME = AppIcon;
				ASSETCATALOG_COMPILER_LAUNCHIMAGE_NAME = LaunchImage;
				CODE_SIGN_IDENTITY = "iPhone Developer";
				"CODE_SIGN_IDENTITY[sdk=iphoneos*]" = "iPhone Developer";
				GCC_PRECOMPILE_PREFIX_HEADER = YES;
				GCC_PREFIX_HEADER = "WBOR FINAL/WBOR-Prefix.pch";
				INFOPLIST_FILE = "WBOR FINAL/WBOR-Info.plist";
				IPHONEOS_DEPLOYMENT_TARGET = 6.0;
				PRODUCT_NAME = WBOR;
				PROVISIONING_PROFILE = "";
				TARGETED_DEVICE_FAMILY = 1;
				WRAPPER_EXTENSION = app;
			};
			name = Release;
		};
		B3EAA53F149BB71600E215C4 /* Debug */ = {
			isa = XCBuildConfiguration;
			buildSettings = {
				BUNDLE_LOADER = "$(BUILT_PRODUCTS_DIR)/WBOR FINAL.app/WBOR FINAL";
				FRAMEWORK_SEARCH_PATHS = (
					"$(SDKROOT)/Developer/Library/Frameworks",
					"$(inherited)",
				);
				GCC_PRECOMPILE_PREFIX_HEADER = YES;
				GCC_PREFIX_HEADER = "WBOR FINAL/WBOR FINAL-Prefix.pch";
				INFOPLIST_FILE = "WBOR FINALTests/WBORTests-Info.plist";
				PRODUCT_NAME = WBORTests;
				TEST_HOST = "$(BUNDLE_LOADER)";
			};
			name = Debug;
		};
		B3EAA540149BB71600E215C4 /* Release */ = {
			isa = XCBuildConfiguration;
			buildSettings = {
				BUNDLE_LOADER = "$(BUILT_PRODUCTS_DIR)/WBOR FINAL.app/WBOR FINAL";
				FRAMEWORK_SEARCH_PATHS = (
					"$(SDKROOT)/Developer/Library/Frameworks",
					"$(inherited)",
				);
				GCC_PRECOMPILE_PREFIX_HEADER = YES;
				GCC_PREFIX_HEADER = "WBOR FINAL/WBOR FINAL-Prefix.pch";
				INFOPLIST_FILE = "WBOR FINALTests/WBORTests-Info.plist";
				PRODUCT_NAME = WBORTests;
				TEST_HOST = "$(BUNDLE_LOADER)";
			};
			name = Release;
		};
/* End XCBuildConfiguration section */

/* Begin XCConfigurationList section */
		B3EAA4F4149BB71500E215C4 /* Build configuration list for PBXProject "WBOR" */ = {
			isa = XCConfigurationList;
			buildConfigurations = (
				B3EAA539149BB71600E215C4 /* Debug */,
				B3EAA53A149BB71600E215C4 /* Release */,
			);
			defaultConfigurationIsVisible = 0;
			defaultConfigurationName = Release;
		};
		B3EAA53B149BB71600E215C4 /* Build configuration list for PBXNativeTarget "WBOR" */ = {
			isa = XCConfigurationList;
			buildConfigurations = (
				B3EAA53C149BB71600E215C4 /* Debug */,
				B3EAA53D149BB71600E215C4 /* Release */,
			);
			defaultConfigurationIsVisible = 0;
			defaultConfigurationName = Release;
		};
		B3EAA53E149BB71600E215C4 /* Build configuration list for PBXNativeTarget "WBORTests" */ = {
			isa = XCConfigurationList;
			buildConfigurations = (
				B3EAA53F149BB71600E215C4 /* Debug */,
				B3EAA540149BB71600E215C4 /* Release */,
			);
			defaultConfigurationIsVisible = 0;
			defaultConfigurationName = Release;
		};
/* End XCConfigurationList section */
	};
	rootObject = B3EAA4F1149BB71500E215C4 /* Project object */;
}
